
Microsoft Visual Studio Solution File, Format Version 12.00
# Visual Studio Version 17
VisualStudioVersion = 17.5.33516.290
MinimumVisualStudioVersion = 10.0.40219.1
Project("{9A19103F-16F7-4668-BE54-9A1E7A4F7556}") = "WFInfo", "WFInfo\WFInfo.csproj", "{675B5B73-ECF0-494C-9AC0-3E7BEAE2DD43}"
EndProject
Global
	GlobalSection(SolutionConfigurationPlatforms) = preSolution
		Debug|Any CPU = Debug|Any CPU
		Debug|x64 = Debug|x64
		Debug|x86 = Debug|x86
		Release|Any CPU = Release|Any CPU
		Release|x64 = Release|x64
		Release|x86 = Release|x86
	EndGlobalSection
	GlobalSection(ProjectConfigurationPlatforms) = postSolution
		{675B5B73-ECF0-494C-9AC0-3E7BEAE2DD43}.Debug|Any CPU.ActiveCfg = Debug|Any CPU
		{675B5B73-ECF0-494C-9AC0-3E7BEAE2DD43}.Debug|Any CPU.Build.0 = Debug|Any CPU
		{675B5B73-ECF0-494C-9AC0-3E7BEAE2DD43}.Debug|x64.ActiveCfg = Debug|Any CPU
		{675B5B73-ECF0-494C-9AC0-3E7BEAE2DD43}.Debug|x64.Build.0 = Debug|Any CPU
		{675B5B73-ECF0-494C-9AC0-3E7BEAE2DD43}.Debug|x86.ActiveCfg = Debug|Any CPU
		{675B5B73-ECF0-494C-9AC0-3E7BEAE2DD43}.Debug|x86.Build.0 = Debug|Any CPU
		{675B5B73-ECF0-494C-9AC0-3E7BEAE2DD43}.Release|Any CPU.ActiveCfg = Release|Any CPU
		{675B5B73-ECF0-494C-9AC0-3E7BEAE2DD43}.Release|Any CPU.Build.0 = Release|Any CPU
		{675B5B73-ECF0-494C-9AC0-3E7BEAE2DD43}.Release|x64.ActiveCfg = Release|Any CPU
		{675B5B73-ECF0-494C-9AC0-3E7BEAE2DD43}.Release|x64.Build.0 = Release|Any CPU
		{675B5B73-ECF0-494C-9AC0-3E7BEAE2DD43}.Release|x86.ActiveCfg = Release|Any CPU
		{675B5B73-ECF0-494C-9AC0-3E7BEAE2DD43}.Release|x86.Build.0 = Release|Any CPU
	EndGlobalSection
	GlobalSection(SolutionProperties) = preSolution
		HideSolutionNode = FALSE
	EndGlobalSection
	GlobalSection(ExtensibilityGlobals) = postSolution
		SolutionGuid = {2AC8CA0F-7D66-46D3-BE7A-C55C6FA3AB82}
	EndGlobalSection
EndGlobal
