
Microsoft Visual Studio Solution File, Format Version 12.00
# Visual Studio Version 16
VisualStudioVersion = 16.0.29509.3
MinimumVisualStudioVersion = 10.0.40219.1
Project("{FAE04EC0-301F-11D3-BF4B-00C04F79EFBC}") = "WFInfo", "WFInfo\WFInfo.csproj", "{675B5B73-ECF0-494C-9AC0-3E7BEAE2DD43}"
EndProject
Project("{FAE04EC0-301F-11D3-BF4B-00C04F79EFBC}") = "Launcher", "Launcher\Launcher.csproj", "{A76432E3-EC22-4BF6-B1AA-614A48EC1ED0}"
EndProject
Project("{FAE04EC0-301F-11D3-BF4B-00C04F79EFBC}") = "WFInfo.Services", "WFInfo.Services\WFInfo.Services.csproj", "{C3E4B0EE-A0D9-4859-A6A4-FAF9CB434FFC}"
EndProject
Project("{FAE04EC0-301F-11D3-BF4B-00C04F79EFBC}") = "WFInfo.Services.Tests", "WFInfo.Services.Tests\WFInfo.Services.Tests.csproj", "{9396D674-9C46-4F66-9884-C679614DA22B}"
EndProject
Global
	GlobalSection(SolutionConfigurationPlatforms) = preSolution
		Debug|Any CPU = Debug|Any CPU
		Debug|x64 = Debug|x64
		Debug|x86 = Debug|x86
		Release|Any CPU = Release|Any CPU
		Release|x64 = Release|x64
		Release|x86 = Release|x86
	EndGlobalSection
	GlobalSection(ProjectConfigurationPlatforms) = postSolution
		{675B5B73-ECF0-494C-9AC0-3E7BEAE2DD43}.Debug|Any CPU.ActiveCfg = Debug|Any CPU
		{675B5B73-ECF0-494C-9AC0-3E7BEAE2DD43}.Debug|Any CPU.Build.0 = Debug|Any CPU
		{675B5B73-ECF0-494C-9AC0-3E7BEAE2DD43}.Debug|x64.ActiveCfg = Debug|Any CPU
		{675B5B73-ECF0-494C-9AC0-3E7BEAE2DD43}.Debug|x64.Build.0 = Debug|Any CPU
		{675B5B73-ECF0-494C-9AC0-3E7BEAE2DD43}.Debug|x86.ActiveCfg = Debug|Any CPU
		{675B5B73-ECF0-494C-9AC0-3E7BEAE2DD43}.Debug|x86.Build.0 = Debug|Any CPU
		{675B5B73-ECF0-494C-9AC0-3E7BEAE2DD43}.Release|Any CPU.ActiveCfg = Release|Any CPU
		{675B5B73-ECF0-494C-9AC0-3E7BEAE2DD43}.Release|Any CPU.Build.0 = Release|Any CPU
		{675B5B73-ECF0-494C-9AC0-3E7BEAE2DD43}.Release|x64.ActiveCfg = Release|Any CPU
		{675B5B73-ECF0-494C-9AC0-3E7BEAE2DD43}.Release|x64.Build.0 = Release|Any CPU
		{675B5B73-ECF0-494C-9AC0-3E7BEAE2DD43}.Release|x86.ActiveCfg = Release|Any CPU
		{675B5B73-ECF0-494C-9AC0-3E7BEAE2DD43}.Release|x86.Build.0 = Release|Any CPU
		{A76432E3-EC22-4BF6-B1AA-614A48EC1ED0}.Debug|Any CPU.ActiveCfg = Debug|Any CPU
		{A76432E3-EC22-4BF6-B1AA-614A48EC1ED0}.Debug|Any CPU.Build.0 = Debug|Any CPU
		{A76432E3-EC22-4BF6-B1AA-614A48EC1ED0}.Debug|x64.ActiveCfg = Debug|Any CPU
		{A76432E3-EC22-4BF6-B1AA-614A48EC1ED0}.Debug|x64.Build.0 = Debug|Any CPU
		{A76432E3-EC22-4BF6-B1AA-614A48EC1ED0}.Debug|x86.ActiveCfg = Debug|Any CPU
		{A76432E3-EC22-4BF6-B1AA-614A48EC1ED0}.Debug|x86.Build.0 = Debug|Any CPU
		{A76432E3-EC22-4BF6-B1AA-614A48EC1ED0}.Release|Any CPU.ActiveCfg = Release|Any CPU
		{A76432E3-EC22-4BF6-B1AA-614A48EC1ED0}.Release|Any CPU.Build.0 = Release|Any CPU
		{A76432E3-EC22-4BF6-B1AA-614A48EC1ED0}.Release|x64.ActiveCfg = Release|Any CPU
		{A76432E3-EC22-4BF6-B1AA-614A48EC1ED0}.Release|x64.Build.0 = Release|Any CPU
		{A76432E3-EC22-4BF6-B1AA-614A48EC1ED0}.Release|x86.ActiveCfg = Release|Any CPU
		{A76432E3-EC22-4BF6-B1AA-614A48EC1ED0}.Release|x86.Build.0 = Release|Any CPU
		{C3E4B0EE-A0D9-4859-A6A4-FAF9CB434FFC}.Debug|Any CPU.ActiveCfg = Debug|Any CPU
		{C3E4B0EE-A0D9-4859-A6A4-FAF9CB434FFC}.Debug|Any CPU.Build.0 = Debug|Any CPU
		{C3E4B0EE-A0D9-4859-A6A4-FAF9CB434FFC}.Debug|x64.ActiveCfg = Debug|Any CPU
		{C3E4B0EE-A0D9-4859-A6A4-FAF9CB434FFC}.Debug|x64.Build.0 = Debug|Any CPU
		{C3E4B0EE-A0D9-4859-A6A4-FAF9CB434FFC}.Debug|x86.ActiveCfg = Debug|Any CPU
		{C3E4B0EE-A0D9-4859-A6A4-FAF9CB434FFC}.Debug|x86.Build.0 = Debug|Any CPU
		{C3E4B0EE-A0D9-4859-A6A4-FAF9CB434FFC}.Release|Any CPU.ActiveCfg = Release|Any CPU
		{C3E4B0EE-A0D9-4859-A6A4-FAF9CB434FFC}.Release|Any CPU.Build.0 = Release|Any CPU
		{C3E4B0EE-A0D9-4859-A6A4-FAF9CB434FFC}.Release|x64.ActiveCfg = Release|Any CPU
		{C3E4B0EE-A0D9-4859-A6A4-FAF9CB434FFC}.Release|x64.Build.0 = Release|Any CPU
		{C3E4B0EE-A0D9-4859-A6A4-FAF9CB434FFC}.Release|x86.ActiveCfg = Release|Any CPU
		{C3E4B0EE-A0D9-4859-A6A4-FAF9CB434FFC}.Release|x86.Build.0 = Release|Any CPU
		{9396D674-9C46-4F66-9884-C679614DA22B}.Debug|Any CPU.ActiveCfg = Debug|Any CPU
		{9396D674-9C46-4F66-9884-C679614DA22B}.Debug|Any CPU.Build.0 = Debug|Any CPU
		{9396D674-9C46-4F66-9884-C679614DA22B}.Debug|x64.ActiveCfg = Debug|Any CPU
		{9396D674-9C46-4F66-9884-C679614DA22B}.Debug|x64.Build.0 = Debug|Any CPU
		{9396D674-9C46-4F66-9884-C679614DA22B}.Debug|x86.ActiveCfg = Debug|Any CPU
		{9396D674-9C46-4F66-9884-C679614DA22B}.Debug|x86.Build.0 = Debug|Any CPU
		{9396D674-9C46-4F66-9884-C679614DA22B}.Release|Any CPU.ActiveCfg = Release|Any CPU
		{9396D674-9C46-4F66-9884-C679614DA22B}.Release|Any CPU.Build.0 = Release|Any CPU
		{9396D674-9C46-4F66-9884-C679614DA22B}.Release|x64.ActiveCfg = Release|Any CPU
		{9396D674-9C46-4F66-9884-C679614DA22B}.Release|x64.Build.0 = Release|Any CPU
		{9396D674-9C46-4F66-9884-C679614DA22B}.Release|x86.ActiveCfg = Release|Any CPU
		{9396D674-9C46-4F66-9884-C679614DA22B}.Release|x86.Build.0 = Release|Any CPU
	EndGlobalSection
	GlobalSection(SolutionProperties) = preSolution
		HideSolutionNode = FALSE
	EndGlobalSection
	GlobalSection(ExtensibilityGlobals) = postSolution
		SolutionGuid = {2AC8CA0F-7D66-46D3-BE7A-C55C6FA3AB82}
	EndGlobalSection
EndGlobal
